<?xml version="1.0" encoding="UTF-8" standalone="yes" ?>
<CodeBlocks_project_file>
	<FileVersion major="1" minor="6" />
	<Project>
		<Option title="Engine" />
		<Option pch_mode="2" />
		<Option compiler="gcc" />
		<Build>
			<Target title="Debug">
				<Option output="Engine" prefix_auto="1" extension_auto="1" />
				<Option working_dir="" />
				<Option object_output="obj/Debug/" />
				<Option type="2" />
				<Option compiler="gcc" />
				<Option createDefFile="1" />
				<Compiler>
					<Add option="-std=c++11" />
					<Add option="-Wall" />
					<Add option="-g" />
					<Add option="-Wno-switch" />
					<Add option="-Wno-reorder" />
					<Add option="-pthread" />
					<Add option="-D_DEBUG" />
					<Add directory="include" />
					<Add directory="dependencies" />
				</Compiler>
			</Target>
			<Target title="Release">
				<Option output="Engine" prefix_auto="1" extension_auto="1" />
				<Option working_dir="" />
				<Option object_output="obj/Release/" />
				<Option type="2" />
				<Option compiler="gcc" />
				<Option createDefFile="1" />
				<Compiler>
					<Add option="-O2" />
					<Add option="-std=c++11" />
					<Add option="-Wall" />
					<Add option="-Wno-switch" />
					<Add option="-pthread" />
				</Compiler>
				<Linker>
					<Add option="-s" />
				</Linker>
			</Target>
			<Target title="Profile">
				<Option output="Engine" prefix_auto="1" extension_auto="1" />
				<Option working_dir="" />
				<Option object_output="obj/Release/" />
				<Option type="2" />
				<Option compiler="gcc" />
				<Option createDefFile="1" />
				<Compiler>
					<Add option="-march=i486" />
					<Add option="-O2" />
					<Add option="-Wall" />
					<Add option="-pg" />
					<Add option="-Wno-switch" />
					<Add option="-D_DEBUG" />
					<Add directory="dependencies" />
					<Add directory="include" />
				</Compiler>
				<Linker>
					<Add option="-pg" />
					<Add directory="include" />
					<Add directory="dependencies" />
				</Linker>
			</Target>
		</Build>
		<Unit filename="Makefile" />
		<Unit filename="dependencies/tinyxml/tinystr.cpp" />
		<Unit filename="dependencies/tinyxml/tinystr.h" />
		<Unit filename="dependencies/tinyxml/tinyxml.cpp" />
		<Unit filename="dependencies/tinyxml/tinyxml.h" />
		<Unit filename="dependencies/tinyxml/tinyxmlerror.cpp" />
		<Unit filename="dependencies/tinyxml/tinyxmlparser.cpp" />
		<Unit filename="include/Engine.h" />
		<Unit filename="include/Graphics/CircleEmitter.h" />
		<Unit filename="include/Graphics/IParticleEmitter.h" />
		<Unit filename="include/Graphics/Sprite.h" />
		<Unit filename="include/Graphics/TextureEmitter.h" />
		<Unit filename="include/Memory/MemoryPool.h" />
		<Unit filename="include/Resources/IResourceLoader.h" />
		<Unit filename="include/Resources/TextureLoader.h" />
		<Unit filename="include/Resources/XMLoader.h" />
		<Unit filename="include/Utils/Logger.h" />
		<Unit filename="include/Utils/Vector2.h" />
		<Unit filename="include/Utils/Vector3.h" />
		<Unit filename="src/Engine.cpp" />
		<Unit filename="src/Graphics/CircleEmitter.cpp" />
		<Unit filename="src/Graphics/IParticleEmitter.cpp" />
		<Unit filename="src/Graphics/Sprite.cpp" />
		<Unit filename="src/Graphics/TextureEmitter.cpp" />
		<Unit filename="src/Memory/MemoryPool.cpp" />
		<Unit filename="src/Resources/XMLoader.cpp" />
		<Unit filename="src/Utils/Logger.cpp" />
		<Unit filename="src/main.cpp" />
		<Extensions>
			<envvars />
			<code_completion />
			<debugger />
		</Extensions>
	</Project>
</CodeBlocks_project_file>
